
Microsoft Visual Studio Solution File, Format Version 12.00
# Visual Studio Version 2022
VisualStudioVersion = 17.1.32421.90
MinimumVisualStudioVersion = 10.0.40219.1
Project("{FAE04EC0-301F-11D3-BF4B-00C04F79EFBC}") = "Flipkart", "Flipkart\Flipkart.csproj", "{E29CDB00-577E-4629-AD0F-0770825EAE19}"
EndProject
Global
# testing conflict - stage1 chnages
	GlobalSection(SolutionConfigurationPlatforms) = preSolution
		Debug|Any CPU = Debug|Any CPU
		Release|Any CPU = Release|Any CPU
	EndGlobalSection
	GlobalSection(ProjectConfigurationPlatforms) = postSolution
		{E29CDB00-577E-4629-AD0F-0770825EAE19}.Debug|Any CPU.ActiveCfg = Debug|Any CPU
		{E29CDB00-577E-4629-AD0F-0770825EAE19}.Debug|Any CPU.Build.0 = Debug|Any CPU
		{E29CDB00-577E-4629-AD0F-0770825EAE19}.Release|Any CPU.ActiveCfg = Release|Any CPU
		{E29CDB00-577E-4629-AD0F-0770825EAE19}.Release|Any CPU.Build.0 = Release|Any CPU
	EndGlobalSection
	GlobalSection(SolutionProperties) = preSolution
		HideSolutionNode = FALSE
	EndGlobalSection
	GlobalSection(ExtensibilityGlobals) = postSolution
		SolutionGuid = {66F60833-F3FB-4FAF-B35A-67BAED36B0D5}
	EndGlobalSection
EndGlobal
